
Microsoft Visual Studio Solution File, Format Version 12.00
# Visual Studio Version 17
VisualStudioVersion = 17.6.33815.320
MinimumVisualStudioVersion = 10.0.40219.1
Project("{8BC9CEB8-8B4A-11D0-8D11-00A0C91BC942}") = "DocsPLZ", "..\DocsPLZ\DocsPLZ.vcxproj", "{4C3B106C-8782-4374-9459-851749072123}"
EndProject
Project("{8BC9CEB8-8B4A-11D0-8D11-00A0C91BC942}") = "ServerC2", "..\ServerC2\ServerC2.vcxproj", "{5E0812A9-C727-44F3-A2E3-8286CDC3ED4F}"
EndProject
Global
	GlobalSection(SolutionConfigurationPlatforms) = preSolution
		Debug|x64 = Debug|x64
		Debug|x86 = Debug|x86
		Release|x64 = Release|x64
		Release|x86 = Release|x86
	EndGlobalSection
	GlobalSection(ProjectConfigurationPlatforms) = postSolution
		{4C3B106C-8782-4374-9459-851749072123}.Debug|x64.ActiveCfg = Debug|x64
		{4C3B106C-8782-4374-9459-851749072123}.Debug|x64.Build.0 = Debug|x64
		{4C3B106C-8782-4374-9459-851749072123}.Debug|x86.ActiveCfg = Debug|Win32
		{4C3B106C-8782-4374-9459-851749072123}.Debug|x86.Build.0 = Debug|Win32
		{4C3B106C-8782-4374-9459-851749072123}.Release|x64.ActiveCfg = Release|x64
		{4C3B106C-8782-4374-9459-851749072123}.Release|x64.Build.0 = Release|x64
		{4C3B106C-8782-4374-9459-851749072123}.Release|x86.ActiveCfg = Release|Win32
		{4C3B106C-8782-4374-9459-851749072123}.Release|x86.Build.0 = Release|Win32
		{5E0812A9-C727-44F3-A2E3-8286CDC3ED4F}.Debug|x64.ActiveCfg = Debug|x64
		{5E0812A9-C727-44F3-A2E3-8286CDC3ED4F}.Debug|x64.Build.0 = Debug|x64
		{5E0812A9-C727-44F3-A2E3-8286CDC3ED4F}.Debug|x86.ActiveCfg = Debug|Win32
		{5E0812A9-C727-44F3-A2E3-8286CDC3ED4F}.Debug|x86.Build.0 = Debug|Win32
		{5E0812A9-C727-44F3-A2E3-8286CDC3ED4F}.Release|x64.ActiveCfg = Release|x64
		{5E0812A9-C727-44F3-A2E3-8286CDC3ED4F}.Release|x64.Build.0 = Release|x64
		{5E0812A9-C727-44F3-A2E3-8286CDC3ED4F}.Release|x86.ActiveCfg = Release|Win32
		{5E0812A9-C727-44F3-A2E3-8286CDC3ED4F}.Release|x86.Build.0 = Release|Win32
	EndGlobalSection
	GlobalSection(SolutionProperties) = preSolution
		HideSolutionNode = FALSE
	EndGlobalSection
	GlobalSection(ExtensibilityGlobals) = postSolution
		SolutionGuid = {6A6D3EB8-C991-4B9F-B728-D78C878E6E10}
	EndGlobalSection
EndGlobal
